
Microsoft Visual Studio Solution File, Format Version 12.00
# Visual Studio Version 16
VisualStudioVersion = 16.0.31112.23
MinimumVisualStudioVersion = 10.0.40219.1
Project("{FAE04EC0-301F-11D3-BF4B-00C04F79EFBC}") = "AudioManagement", "AudioManagement\AudioManagement.csproj", "{ADD2794C-857A-4F8F-B9D6-1DE6D3FAAEA3}"
EndProject
Global
	GlobalSection(SolutionConfigurationPlatforms) = preSolution
		Debug|Any CPU = Debug|Any CPU
		Release|Any CPU = Release|Any CPU
	EndGlobalSection
	GlobalSection(ProjectConfigurationPlatforms) = postSolution
		{ADD2794C-857A-4F8F-B9D6-1DE6D3FAAEA3}.Debug|Any CPU.ActiveCfg = Debug|Any CPU
		{ADD2794C-857A-4F8F-B9D6-1DE6D3FAAEA3}.Debug|Any CPU.Build.0 = Debug|Any CPU
		{ADD2794C-857A-4F8F-B9D6-1DE6D3FAAEA3}.Release|Any CPU.ActiveCfg = Release|Any CPU
		{ADD2794C-857A-4F8F-B9D6-1DE6D3FAAEA3}.Release|Any CPU.Build.0 = Release|Any CPU
	EndGlobalSection
	GlobalSection(SolutionProperties) = preSolution
		HideSolutionNode = FALSE
	EndGlobalSection
	GlobalSection(ExtensibilityGlobals) = postSolution
		SolutionGuid = {581A61DF-CAE2-4DB1-B7CD-C97A312D8925}
	EndGlobalSection
EndGlobal
